
Microsoft Visual Studio Solution File, Format Version 12.00
# Visual Studio Version 16
VisualStudioVersion = 16.0.31727.386
MinimumVisualStudioVersion = 10.0.40219.1
Project("{9A19103F-16F7-4668-BE54-9A1E7A4F7556}") = "Basic_CSharp_Reminder", "Basic_CSharp_Reminder\Basic_CSharp_Reminder.csproj", "{E0207A50-86BB-4BE8-8761-AD20F9C4847C}"
EndProject
Project("{2150E333-8FDC-42A3-9474-1A3956D46DE8}") = "Solution Items", "Solution Items", "{74343B44-EF36-46B3-8D3F-18547A0E6D9C}"
	ProjectSection(SolutionItems) = preProject
		ReadMe.md = ReadMe.md
	EndProjectSection
EndProject
Global
	GlobalSection(SolutionConfigurationPlatforms) = preSolution
		Debug|Any CPU = Debug|Any CPU
		Release|Any CPU = Release|Any CPU
	EndGlobalSection
	GlobalSection(ProjectConfigurationPlatforms) = postSolution
		{E0207A50-86BB-4BE8-8761-AD20F9C4847C}.Debug|Any CPU.ActiveCfg = Debug|Any CPU
		{E0207A50-86BB-4BE8-8761-AD20F9C4847C}.Debug|Any CPU.Build.0 = Debug|Any CPU
		{E0207A50-86BB-4BE8-8761-AD20F9C4847C}.Release|Any CPU.ActiveCfg = Release|Any CPU
		{E0207A50-86BB-4BE8-8761-AD20F9C4847C}.Release|Any CPU.Build.0 = Release|Any CPU
	EndGlobalSection
	GlobalSection(SolutionProperties) = preSolution
		HideSolutionNode = FALSE
	EndGlobalSection
	GlobalSection(ExtensibilityGlobals) = postSolution
		SolutionGuid = {CB7AAE09-F929-42BD-A0B5-7E29DF9519F8}
	EndGlobalSection
EndGlobal
